
Microsoft Visual Studio Solution File, Format Version 12.00
# Visual Studio Version 16
VisualStudioVersion = 16.0.32002.261
MinimumVisualStudioVersion = 10.0.40219.1
Project("{FAE04EC0-301F-11D3-BF4B-00C04F79EFBC}") = "ConsoleApp5", "ConsoleApp5\ConsoleApp5.csproj", "{C69AEE02-1AEA-43FC-9106-025F83610ED7}"
EndProject
Global
	GlobalSection(SolutionConfigurationPlatforms) = preSolution
		Debug|Any CPU = Debug|Any CPU
		Release|Any CPU = Release|Any CPU
	EndGlobalSection
	GlobalSection(ProjectConfigurationPlatforms) = postSolution
		{C69AEE02-1AEA-43FC-9106-025F83610ED7}.Debug|Any CPU.ActiveCfg = Debug|Any CPU
		{C69AEE02-1AEA-43FC-9106-025F83610ED7}.Debug|Any CPU.Build.0 = Debug|Any CPU
		{C69AEE02-1AEA-43FC-9106-025F83610ED7}.Release|Any CPU.ActiveCfg = Release|Any CPU
		{C69AEE02-1AEA-43FC-9106-025F83610ED7}.Release|Any CPU.Build.0 = Release|Any CPU
	EndGlobalSection
	GlobalSection(SolutionProperties) = preSolution
		HideSolutionNode = FALSE
	EndGlobalSection
	GlobalSection(ExtensibilityGlobals) = postSolution
		SolutionGuid = {35639C39-7443-4922-A12A-2CA597D7BD24}
	EndGlobalSection
EndGlobal
