
Microsoft Visual Studio Solution File, Format Version 12.00
# Visual Studio Version 16
VisualStudioVersion = 16.0.32002.261
MinimumVisualStudioVersion = 10.0.40219.1
Project("{FAE04EC0-301F-11D3-BF4B-00C04F79EFBC}") = "BabyStroller.App", "BabyStroller.App\BabyStroller.App.csproj", "{92B179E4-2109-4F33-8D42-FD8FC4407F69}"
EndProject
Global
	GlobalSection(SolutionConfigurationPlatforms) = preSolution
		Debug|Any CPU = Debug|Any CPU
		Release|Any CPU = Release|Any CPU
	EndGlobalSection
	GlobalSection(ProjectConfigurationPlatforms) = postSolution
		{92B179E4-2109-4F33-8D42-FD8FC4407F69}.Debug|Any CPU.ActiveCfg = Debug|Any CPU
		{92B179E4-2109-4F33-8D42-FD8FC4407F69}.Debug|Any CPU.Build.0 = Debug|Any CPU
		{92B179E4-2109-4F33-8D42-FD8FC4407F69}.Release|Any CPU.ActiveCfg = Release|Any CPU
		{92B179E4-2109-4F33-8D42-FD8FC4407F69}.Release|Any CPU.Build.0 = Release|Any CPU
	EndGlobalSection
	GlobalSection(SolutionProperties) = preSolution
		HideSolutionNode = FALSE
	EndGlobalSection
	GlobalSection(ExtensibilityGlobals) = postSolution
		SolutionGuid = {2D804A1D-ACA5-4255-BD8E-6FDF07FA1851}
	EndGlobalSection
EndGlobal
