
Microsoft Visual Studio Solution File, Format Version 12.00
# Visual Studio Version 16
VisualStudioVersion = 16.0.32002.261
MinimumVisualStudioVersion = 10.0.40219.1
Project("{FAE04EC0-301F-11D3-BF4B-00C04F79EFBC}") = "ConsoleApp2", "ConsoleApp2\ConsoleApp2.csproj", "{F4017489-412A-4910-B238-391DFE4D6591}"
EndProject
Project("{FAE04EC0-301F-11D3-BF4B-00C04F79EFBC}") = "Tools", "ClassLibrary1\Tools.csproj", "{C355AF3B-B203-4AAE-ABC9-DB1869BBF2DD}"
EndProject
Global
	GlobalSection(SolutionConfigurationPlatforms) = preSolution
		Debug|Any CPU = Debug|Any CPU
		Release|Any CPU = Release|Any CPU
	EndGlobalSection
	GlobalSection(ProjectConfigurationPlatforms) = postSolution
		{F4017489-412A-4910-B238-391DFE4D6591}.Debug|Any CPU.ActiveCfg = Debug|Any CPU
		{F4017489-412A-4910-B238-391DFE4D6591}.Debug|Any CPU.Build.0 = Debug|Any CPU
		{F4017489-412A-4910-B238-391DFE4D6591}.Release|Any CPU.ActiveCfg = Release|Any CPU
		{F4017489-412A-4910-B238-391DFE4D6591}.Release|Any CPU.Build.0 = Release|Any CPU
		{C355AF3B-B203-4AAE-ABC9-DB1869BBF2DD}.Debug|Any CPU.ActiveCfg = Debug|Any CPU
		{C355AF3B-B203-4AAE-ABC9-DB1869BBF2DD}.Debug|Any CPU.Build.0 = Debug|Any CPU
		{C355AF3B-B203-4AAE-ABC9-DB1869BBF2DD}.Release|Any CPU.ActiveCfg = Release|Any CPU
		{C355AF3B-B203-4AAE-ABC9-DB1869BBF2DD}.Release|Any CPU.Build.0 = Release|Any CPU
	EndGlobalSection
	GlobalSection(SolutionProperties) = preSolution
		HideSolutionNode = FALSE
	EndGlobalSection
	GlobalSection(ExtensibilityGlobals) = postSolution
		SolutionGuid = {038A0531-D75B-43B2-A113-B95C9DCD9996}
	EndGlobalSection
EndGlobal
