
Microsoft Visual Studio Solution File, Format Version 12.00
# Visual Studio Version 16
VisualStudioVersion = 16.0.32002.261
MinimumVisualStudioVersion = 10.0.40219.1
Project("{FAE04EC0-301F-11D3-BF4B-00C04F79EFBC}") = "ConsoleApp1", "ConsoleApp1\ConsoleApp1.csproj", "{DDD5B3E3-05D8-43D7-A26A-3F4C47911C0B}"
EndProject
Global
	GlobalSection(SolutionConfigurationPlatforms) = preSolution
		Debug|Any CPU = Debug|Any CPU
		Release|Any CPU = Release|Any CPU
	EndGlobalSection
	GlobalSection(ProjectConfigurationPlatforms) = postSolution
		{DDD5B3E3-05D8-43D7-A26A-3F4C47911C0B}.Debug|Any CPU.ActiveCfg = Debug|Any CPU
		{DDD5B3E3-05D8-43D7-A26A-3F4C47911C0B}.Debug|Any CPU.Build.0 = Debug|Any CPU
		{DDD5B3E3-05D8-43D7-A26A-3F4C47911C0B}.Release|Any CPU.ActiveCfg = Release|Any CPU
		{DDD5B3E3-05D8-43D7-A26A-3F4C47911C0B}.Release|Any CPU.Build.0 = Release|Any CPU
	EndGlobalSection
	GlobalSection(SolutionProperties) = preSolution
		HideSolutionNode = FALSE
	EndGlobalSection
	GlobalSection(ExtensibilityGlobals) = postSolution
		SolutionGuid = {54E8913A-1BF6-4107-8628-2F0858D4486E}
	EndGlobalSection
EndGlobal
