
Microsoft Visual Studio Solution File, Format Version 12.00
# Visual Studio Version 16
VisualStudioVersion = 16.0.32002.261
MinimumVisualStudioVersion = 10.0.40219.1
Project("{FAE04EC0-301F-11D3-BF4B-00C04F79EFBC}") = "ConsoleApp1", "ConsoleApp1\ConsoleApp1.csproj", "{969207CC-17AF-4689-8514-D665F169D898}"
EndProject
Global
	GlobalSection(SolutionConfigurationPlatforms) = preSolution
		Debug|Any CPU = Debug|Any CPU
		Release|Any CPU = Release|Any CPU
	EndGlobalSection
	GlobalSection(ProjectConfigurationPlatforms) = postSolution
		{969207CC-17AF-4689-8514-D665F169D898}.Debug|Any CPU.ActiveCfg = Debug|Any CPU
		{969207CC-17AF-4689-8514-D665F169D898}.Debug|Any CPU.Build.0 = Debug|Any CPU
		{969207CC-17AF-4689-8514-D665F169D898}.Release|Any CPU.ActiveCfg = Release|Any CPU
		{969207CC-17AF-4689-8514-D665F169D898}.Release|Any CPU.Build.0 = Release|Any CPU
	EndGlobalSection
	GlobalSection(SolutionProperties) = preSolution
		HideSolutionNode = FALSE
	EndGlobalSection
	GlobalSection(ExtensibilityGlobals) = postSolution
		SolutionGuid = {480FF88C-54D0-4A38-AA59-C84FE83920B2}
	EndGlobalSection
EndGlobal
