
Microsoft Visual Studio Solution File, Format Version 12.00
# Visual Studio Version 16
VisualStudioVersion = 16.0.32002.261
MinimumVisualStudioVersion = 10.0.40219.1
Project("{FAE04EC0-301F-11D3-BF4B-00C04F79EFBC}") = "ConsoleApp2", "ConsoleApp2\ConsoleApp2.csproj", "{5D41D399-D144-4479-B450-93057DEC625F}"
EndProject
Global
	GlobalSection(SolutionConfigurationPlatforms) = preSolution
		Debug|Any CPU = Debug|Any CPU
		Release|Any CPU = Release|Any CPU
	EndGlobalSection
	GlobalSection(ProjectConfigurationPlatforms) = postSolution
		{5D41D399-D144-4479-B450-93057DEC625F}.Debug|Any CPU.ActiveCfg = Debug|Any CPU
		{5D41D399-D144-4479-B450-93057DEC625F}.Debug|Any CPU.Build.0 = Debug|Any CPU
		{5D41D399-D144-4479-B450-93057DEC625F}.Release|Any CPU.ActiveCfg = Release|Any CPU
		{5D41D399-D144-4479-B450-93057DEC625F}.Release|Any CPU.Build.0 = Release|Any CPU
	EndGlobalSection
	GlobalSection(SolutionProperties) = preSolution
		HideSolutionNode = FALSE
	EndGlobalSection
	GlobalSection(ExtensibilityGlobals) = postSolution
		SolutionGuid = {E1BF7516-78C2-4CA0-A14B-95D63B566783}
	EndGlobalSection
EndGlobal
